
Microsoft Visual Studio Solution File, Format Version 12.00
# Visual Studio Version 17
VisualStudioVersion = 17.4.33110.190
MinimumVisualStudioVersion = 10.0.40219.1
Project("{FAE04EC0-301F-11D3-BF4B-00C04F79EFBC}") = "LibraryManagementSystem", "LibraryManagementSystem.csproj", "{AD4A72DC-0181-473B-AF8D-7FCE96A34E60}"
EndProject
Global
	GlobalSection(SolutionConfigurationPlatforms) = preSolution
		Debug|Any CPU = Debug|Any CPU
		Release|Any CPU = Release|Any CPU
	EndGlobalSection
	GlobalSection(ProjectConfigurationPlatforms) = postSolution
		{AD4A72DC-0181-473B-AF8D-7FCE96A34E60}.Debug|Any CPU.ActiveCfg = Debug|Any CPU
		{AD4A72DC-0181-473B-AF8D-7FCE96A34E60}.Debug|Any CPU.Build.0 = Debug|Any CPU
		{AD4A72DC-0181-473B-AF8D-7FCE96A34E60}.Release|Any CPU.ActiveCfg = Release|Any CPU
		{AD4A72DC-0181-473B-AF8D-7FCE96A34E60}.Release|Any CPU.Build.0 = Release|Any CPU
	EndGlobalSection
	GlobalSection(SolutionProperties) = preSolution
		HideSolutionNode = FALSE
	EndGlobalSection
	GlobalSection(ExtensibilityGlobals) = postSolution
		SolutionGuid = {558C8285-E0E7-4588-876A-7E8859BA7F8D}
	EndGlobalSection
EndGlobal
